
Microsoft Visual Studio Solution File, Format Version 12.00
# Visual Studio Version 17
VisualStudioVersion = 17.8.34601.278
MinimumVisualStudioVersion = 10.0.40219.1
Project("{FAE04EC0-301F-11D3-BF4B-00C04F79EFBC}") = "WeatherWebHook", "WeatherWebHook\WeatherWebHook.csproj", "{7CCB6BE2-01C0-4589-9EED-5EB6F371CE76}"
EndProject
Global
	GlobalSection(SolutionConfigurationPlatforms) = preSolution
		Debug|Any CPU = Debug|Any CPU
		Release|Any CPU = Release|Any CPU
	EndGlobalSection
	GlobalSection(ProjectConfigurationPlatforms) = postSolution
		{7CCB6BE2-01C0-4589-9EED-5EB6F371CE76}.Debug|Any CPU.ActiveCfg = Debug|Any CPU
		{7CCB6BE2-01C0-4589-9EED-5EB6F371CE76}.Debug|Any CPU.Build.0 = Debug|Any CPU
		{7CCB6BE2-01C0-4589-9EED-5EB6F371CE76}.Release|Any CPU.ActiveCfg = Release|Any CPU
		{7CCB6BE2-01C0-4589-9EED-5EB6F371CE76}.Release|Any CPU.Build.0 = Release|Any CPU
	EndGlobalSection
	GlobalSection(SolutionProperties) = preSolution
		HideSolutionNode = FALSE
	EndGlobalSection
	GlobalSection(ExtensibilityGlobals) = postSolution
		SolutionGuid = {4A3DA112-98DA-4BC7-AD88-B11F505EE5CB}
	EndGlobalSection
EndGlobal
